// !$*UTF8*$!
{
	archiveVersion = 1;
	classes = {
	};
	objectVersion = 46;
	objects = {

/* Begin PBXBuildFile section */
		3EE82BF21F445736006F3FA7 /* main.m in Sources */ = {isa = PBXBuildFile; fileRef = 3EE82BF11F445736006F3FA7 /* main.m */; };
		3EE82BF51F445736006F3FA7 /* AppDelegate.m in Sources */ = {isa = PBXBuildFile; fileRef = 3EE82BF41F445736006F3FA7 /* AppDelegate.m */; };
		3EE82BF81F445736006F3FA7 /* ViewController.m in Sources */ = {isa = PBXBuildFile; fileRef = 3EE82BF71F445736006F3FA7 /* ViewController.m */; };
		3EE82BFB1F445736006F3FA7 /* Main.storyboard in Resources */ = {isa = PBXBuildFile; fileRef = 3EE82BF91F445736006F3FA7 /* Main.storyboard */; };
		3EE82BFD1F445736006F3FA7 /* Assets.xcassets in Resources */ = {isa = PBXBuildFile; fileRef = 3EE82BFC1F445736006F3FA7 /* Assets.xcassets */; };
		3EE82C001F445736006F3FA7 /* LaunchScreen.storyboard in Resources */ = {isa = PBXBuildFile; fileRef = 3EE82BFE1F445736006F3FA7 /* LaunchScreen.storyboard */; };
		3EE82C0B1F44579B006F3FA7 /* register_guide_video.mp4 in Resources */ = {isa = PBXBuildFile; fileRef = 3EE82C0A1F44579B006F3FA7 /* register_guide_video.mp4 */; };
		3EE82C251F4457BA006F3FA7 /* MASCompositeConstraint.m in Sources */ = {isa = PBXBuildFile; fileRef = 3EE82C0D1F4457BA006F3FA7 /* MASCompositeConstraint.m */; };
		3EE82C261F4457BA006F3FA7 /* MASConstraint.m in Sources */ = {isa = PBXBuildFile; fileRef = 3EE82C0F1F4457BA006F3FA7 /* MASConstraint.m */; };
		3EE82C271F4457BA006F3FA7 /* MASConstraintMaker.m in Sources */ = {isa = PBXBuildFile; fileRef = 3EE82C121F4457BA006F3FA7 /* MASConstraintMaker.m */; };
		3EE82C281F4457BA006F3FA7 /* MASLayoutConstraint.m in Sources */ = {isa = PBXBuildFile; fileRef = 3EE82C141F4457BA006F3FA7 /* MASLayoutConstraint.m */; };
		3EE82C291F4457BA006F3FA7 /* MASViewAttribute.m in Sources */ = {isa = PBXBuildFile; fileRef = 3EE82C181F4457BA006F3FA7 /* MASViewAttribute.m */; };
		3EE82C2A1F4457BA006F3FA7 /* MASViewConstraint.m in Sources */ = {isa = PBXBuildFile; fileRef = 3EE82C1A1F4457BA006F3FA7 /* MASViewConstraint.m */; };
		3EE82C2B1F4457BA006F3FA7 /* NSArray+MASAdditions.m in Sources */ = {isa = PBXBuildFile; fileRef = 3EE82C1C1F4457BA006F3FA7 /* NSArray+MASAdditions.m */; };
		3EE82C2C1F4457BA006F3FA7 /* NSLayoutConstraint+MASDebugAdditions.m in Sources */ = {isa = PBXBuildFile; fileRef = 3EE82C1F1F4457BA006F3FA7 /* NSLayoutConstraint+MASDebugAdditions.m */; };
		3EE82C2D1F4457BA006F3FA7 /* View+MASAdditions.m in Sources */ = {isa = PBXBuildFile; fileRef = 3EE82C211F4457BA006F3FA7 /* View+MASAdditions.m */; };
		3EE82C2E1F4457BA006F3FA7 /* ViewController+MASAdditions.m in Sources */ = {isa = PBXBuildFile; fileRef = 3EE82C241F4457BA006F3FA7 /* ViewController+MASAdditions.m */; };
		3EE82C311F4458AD006F3FA7 /* UIScrollView+SLResponse.m in Sources */ = {isa = PBXBuildFile; fileRef = 3EE82C301F4458AD006F3FA7 /* UIScrollView+SLResponse.m */; };
/* End PBXBuildFile section */

/* Begin PBXFileReference section */
		3EE82BED1F445736006F3FA7 /* SLLoginDemo.app */ = {isa = PBXFileReference; explicitFileType = wrapper.application; includeInIndex = 0; path = SLLoginDemo.app; sourceTree = BUILT_PRODUCTS_DIR; };
		3EE82BF11F445736006F3FA7 /* main.m */ = {isa = PBXFileReference; lastKnownFileType = sourcecode.c.objc; path = main.m; sourceTree = "<group>"; };
		3EE82BF31F445736006F3FA7 /* AppDelegate.h */ = {isa = PBXFileReference; lastKnownFileType = sourcecode.c.h; path = AppDelegate.h; sourceTree = "<group>"; };
		3EE82BF41F445736006F3FA7 /* AppDelegate.m */ = {isa = PBXFileReference; lastKnownFileType = sourcecode.c.objc; path = AppDelegate.m; sourceTree = "<group>"; };
		3EE82BF61F445736006F3FA7 /* ViewController.h */ = {isa = PBXFileReference; lastKnownFileType = sourcecode.c.h; path = ViewController.h; sourceTree = "<group>"; };
		3EE82BF71F445736006F3FA7 /* ViewController.m */ = {isa = PBXFileReference; lastKnownFileType = sourcecode.c.objc; path = ViewController.m; sourceTree = "<group>"; };
		3EE82BFA1F445736006F3FA7 /* Base */ = {isa = PBXFileReference; lastKnownFileType = file.storyboard; name = Base; path = Base.lproj/Main.storyboard; sourceTree = "<group>"; };
		3EE82BFC1F445736006F3FA7 /* Assets.xcassets */ = {isa = PBXFileReference; lastKnownFileType = folder.assetcatalog; path = Assets.xcassets; sourceTree = "<group>"; };
		3EE82BFF1F445736006F3FA7 /* Base */ = {isa = PBXFileReference; lastKnownFileType = file.storyboard; name = Base; path = Base.lproj/LaunchScreen.storyboard; sourceTree = "<group>"; };
		3EE82C011F445736006F3FA7 /* Info.plist */ = {isa = PBXFileReference; lastKnownFileType = text.plist.xml; path = Info.plist; sourceTree = "<group>"; };
		3EE82C0A1F44579B006F3FA7 /* register_guide_video.mp4 */ = {isa = PBXFileReference; lastKnownFileType = file; name = register_guide_video.mp4; path = Resource/register_guide_video.mp4; sourceTree = "<group>"; };
		3EE82C0C1F4457BA006F3FA7 /* MASCompositeConstraint.h */ = {isa = PBXFileReference; fileEncoding = 4; lastKnownFileType = sourcecode.c.h; name = MASCompositeConstraint.h; path = Masonry/MASCompositeConstraint.h; sourceTree = "<group>"; };
		3EE82C0D1F4457BA006F3FA7 /* MASCompositeConstraint.m */ = {isa = PBXFileReference; fileEncoding = 4; lastKnownFileType = sourcecode.c.objc; name = MASCompositeConstraint.m; path = Masonry/MASCompositeConstraint.m; sourceTree = "<group>"; };
		3EE82C0E1F4457BA006F3FA7 /* MASConstraint.h */ = {isa = PBXFileReference; fileEncoding = 4; lastKnownFileType = sourcecode.c.h; name = MASConstraint.h; path = Masonry/MASConstraint.h; sourceTree = "<group>"; };
		3EE82C0F1F4457BA006F3FA7 /* MASConstraint.m */ = {isa = PBXFileReference; fileEncoding = 4; lastKnownFileType = sourcecode.c.objc; name = MASConstraint.m; path = Masonry/MASConstraint.m; sourceTree = "<group>"; };
		3EE82C101F4457BA006F3FA7 /* MASConstraint+Private.h */ = {isa = PBXFileReference; fileEncoding = 4; lastKnownFileType = sourcecode.c.h; name = "MASConstraint+Private.h"; path = "Masonry/MASConstraint+Private.h"; sourceTree = "<group>"; };
		3EE82C111F4457BA006F3FA7 /* MASConstraintMaker.h */ = {isa = PBXFileReference; fileEncoding = 4; lastKnownFileType = sourcecode.c.h; name = MASConstraintMaker.h; path = Masonry/MASConstraintMaker.h; sourceTree = "<group>"; };
		3EE82C121F4457BA006F3FA7 /* MASConstraintMaker.m */ = {isa = PBXFileReference; fileEncoding = 4; lastKnownFileType = sourcecode.c.objc; name = MASConstraintMaker.m; path = Masonry/MASConstraintMaker.m; sourceTree = "<group>"; };
		3EE82C131F4457BA006F3FA7 /* MASLayoutConstraint.h */ = {isa = PBXFileReference; fileEncoding = 4; lastKnownFileType = sourcecode.c.h; name = MASLayoutConstraint.h; path = Masonry/MASLayoutConstraint.h; sourceTree = "<group>"; };
		3EE82C141F4457BA006F3FA7 /* MASLayoutConstraint.m */ = {isa = PBXFileReference; fileEncoding = 4; lastKnownFileType = sourcecode.c.objc; name = MASLayoutConstraint.m; path = Masonry/MASLayoutConstraint.m; sourceTree = "<group>"; };
		3EE82C151F4457BA006F3FA7 /* Masonry.h */ = {isa = PBXFileReference; fileEncoding = 4; lastKnownFileType = sourcecode.c.h; name = Masonry.h; path = Masonry/Masonry.h; sourceTree = "<group>"; };
		3EE82C161F4457BA006F3FA7 /* MASUtilities.h */ = {isa = PBXFileReference; fileEncoding = 4; lastKnownFileType = sourcecode.c.h; name = MASUtilities.h; path = Masonry/MASUtilities.h; sourceTree = "<group>"; };
		3EE82C171F4457BA006F3FA7 /* MASViewAttribute.h */ = {isa = PBXFileReference; fileEncoding = 4; lastKnownFileType = sourcecode.c.h; name = MASViewAttribute.h; path = Masonry/MASViewAttribute.h; sourceTree = "<group>"; };
		3EE82C181F4457BA006F3FA7 /* MASViewAttribute.m */ = {isa = PBXFileReference; fileEncoding = 4; lastKnownFileType = sourcecode.c.objc; name = MASViewAttribute.m; path = Masonry/MASViewAttribute.m; sourceTree = "<group>"; };
		3EE82C191F4457BA006F3FA7 /* MASViewConstraint.h */ = {isa = PBXFileReference; fileEncoding = 4; lastKnownFileType = sourcecode.c.h; name = MASViewConstraint.h; path = Masonry/MASViewConstraint.h; sourceTree = "<group>"; };
		3EE82C1A1F4457BA006F3FA7 /* MASViewConstraint.m */ = {isa = PBXFileReference; fileEncoding = 4; lastKnownFileType = sourcecode.c.objc; name = MASViewConstraint.m; path = Masonry/MASViewConstraint.m; sourceTree = "<group>"; };
		3EE82C1B1F4457BA006F3FA7 /* NSArray+MASAdditions.h */ = {isa = PBXFileReference; fileEncoding = 4; lastKnownFileType = sourcecode.c.h; name = "NSArray+MASAdditions.h"; path = "Masonry/NSArray+MASAdditions.h"; sourceTree = "<group>"; };
		3EE82C1C1F4457BA006F3FA7 /* NSArray+MASAdditions.m */ = {isa = PBXFileReference; fileEncoding = 4; lastKnownFileType = sourcecode.c.objc; name = "NSArray+MASAdditions.m"; path = "Masonry/NSArray+MASAdditions.m"; sourceTree = "<group>"; };
		3EE82C1D1F4457BA006F3FA7 /* NSArray+MASShorthandAdditions.h */ = {isa = PBXFileReference; fileEncoding = 4; lastKnownFileType = sourcecode.c.h; name = "NSArray+MASShorthandAdditions.h"; path = "Masonry/NSArray+MASShorthandAdditions.h"; sourceTree = "<group>"; };
		3EE82C1E1F4457BA006F3FA7 /* NSLayoutConstraint+MASDebugAdditions.h */ = {isa = PBXFileReference; fileEncoding = 4; lastKnownFileType = sourcecode.c.h; name = "NSLayoutConstraint+MASDebugAdditions.h"; path = "Masonry/NSLayoutConstraint+MASDebugAdditions.h"; sourceTree = "<group>"; };
		3EE82C1F1F4457BA006F3FA7 /* NSLayoutConstraint+MASDebugAdditions.m */ = {isa = PBXFileReference; fileEncoding = 4; lastKnownFileType = sourcecode.c.objc; name = "NSLayoutConstraint+MASDebugAdditions.m"; path = "Masonry/NSLayoutConstraint+MASDebugAdditions.m"; sourceTree = "<group>"; };
		3EE82C201F4457BA006F3FA7 /* View+MASAdditions.h */ = {isa = PBXFileReference; fileEncoding = 4; lastKnownFileType = sourcecode.c.h; name = "View+MASAdditions.h"; path = "Masonry/View+MASAdditions.h"; sourceTree = "<group>"; };
		3EE82C211F4457BA006F3FA7 /* View+MASAdditions.m */ = {isa = PBXFileReference; fileEncoding = 4; lastKnownFileType = sourcecode.c.objc; name = "View+MASAdditions.m"; path = "Masonry/View+MASAdditions.m"; sourceTree = "<group>"; };
		3EE82C221F4457BA006F3FA7 /* View+MASShorthandAdditions.h */ = {isa = PBXFileReference; fileEncoding = 4; lastKnownFileType = sourcecode.c.h; name = "View+MASShorthandAdditions.h"; path = "Masonry/View+MASShorthandAdditions.h"; sourceTree = "<group>"; };
		3EE82C231F4457BA006F3FA7 /* ViewController+MASAdditions.h */ = {isa = PBXFileReference; fileEncoding = 4; lastKnownFileType = sourcecode.c.h; name = "ViewController+MASAdditions.h"; path = "Masonry/ViewController+MASAdditions.h"; sourceTree = "<group>"; };
		3EE82C241F4457BA006F3FA7 /* ViewController+MASAdditions.m */ = {isa = PBXFileReference; fileEncoding = 4; lastKnownFileType = sourcecode.c.objc; name = "ViewController+MASAdditions.m"; path = "Masonry/ViewController+MASAdditions.m"; sourceTree = "<group>"; };
		3EE82C2F1F4458AD006F3FA7 /* UIScrollView+SLResponse.h */ = {isa = PBXFileReference; fileEncoding = 4; lastKnownFileType = sourcecode.c.h; name = "UIScrollView+SLResponse.h"; path = "UIScrollView+Response/UIScrollView+SLResponse.h"; sourceTree = "<group>"; };
		3EE82C301F4458AD006F3FA7 /* UIScrollView+SLResponse.m */ = {isa = PBXFileReference; fileEncoding = 4; lastKnownFileType = sourcecode.c.objc; name = "UIScrollView+SLResponse.m"; path = "UIScrollView+Response/UIScrollView+SLResponse.m"; sourceTree = "<group>"; };
/* End PBXFileReference section */

/* Begin PBXFrameworksBuildPhase section */
		3EE82BEA1F445736006F3FA7 /* Frameworks */ = {
			isa = PBXFrameworksBuildPhase;
			buildActionMask = 2147483647;
			files = (
			);
			runOnlyForDeploymentPostprocessing = 0;
		};
/* End PBXFrameworksBuildPhase section */

/* Begin PBXGroup section */
		3EE82BE41F445736006F3FA7 = {
			isa = PBXGroup;
			children = (
				3EE82BEF1F445736006F3FA7 /* SLLoginDemo */,
				3EE82BEE1F445736006F3FA7 /* Products */,
			);
			sourceTree = "<group>";
		};
		3EE82BEE1F445736006F3FA7 /* Products */ = {
			isa = PBXGroup;
			children = (
				3EE82BED1F445736006F3FA7 /* SLLoginDemo.app */,
			);
			name = Products;
			sourceTree = "<group>";
		};
		3EE82BEF1F445736006F3FA7 /* SLLoginDemo */ = {
			isa = PBXGroup;
			children = (
				3EE82C091F44576B006F3FA7 /* UIScrollView+SLResponse */,
				3EE82C081F445763006F3FA7 /* Resource */,
				3EE82C071F445753006F3FA7 /* Masonry */,
				3EE82BF31F445736006F3FA7 /* AppDelegate.h */,
				3EE82BF41F445736006F3FA7 /* AppDelegate.m */,
				3EE82BF61F445736006F3FA7 /* ViewController.h */,
				3EE82BF71F445736006F3FA7 /* ViewController.m */,
				3EE82BF91F445736006F3FA7 /* Main.storyboard */,
				3EE82BFC1F445736006F3FA7 /* Assets.xcassets */,
				3EE82BFE1F445736006F3FA7 /* LaunchScreen.storyboard */,
				3EE82C011F445736006F3FA7 /* Info.plist */,
				3EE82BF01F445736006F3FA7 /* Supporting Files */,
			);
			path = SLLoginDemo;
			sourceTree = "<group>";
		};
		3EE82BF01F445736006F3FA7 /* Supporting Files */ = {
			isa = PBXGroup;
			children = (
				3EE82BF11F445736006F3FA7 /* main.m */,
			);
			name = "Supporting Files";
			sourceTree = "<group>";
		};
		3EE82C071F445753006F3FA7 /* Masonry */ = {
			isa = PBXGroup;
			children = (
				3EE82C0C1F4457BA006F3FA7 /* MASCompositeConstraint.h */,
				3EE82C0D1F4457BA006F3FA7 /* MASCompositeConstraint.m */,
				3EE82C0E1F4457BA006F3FA7 /* MASConstraint.h */,
				3EE82C0F1F4457BA006F3FA7 /* MASConstraint.m */,
				3EE82C101F4457BA006F3FA7 /* MASConstraint+Private.h */,
				3EE82C111F4457BA006F3FA7 /* MASConstraintMaker.h */,
				3EE82C121F4457BA006F3FA7 /* MASConstraintMaker.m */,
				3EE82C131F4457BA006F3FA7 /* MASLayoutConstraint.h */,
				3EE82C141F4457BA006F3FA7 /* MASLayoutConstraint.m */,
				3EE82C151F4457BA006F3FA7 /* Masonry.h */,
				3EE82C161F4457BA006F3FA7 /* MASUtilities.h */,
				3EE82C171F4457BA006F3FA7 /* MASViewAttribute.h */,
				3EE82C181F4457BA006F3FA7 /* MASViewAttribute.m */,
				3EE82C191F4457BA006F3FA7 /* MASViewConstraint.h */,
				3EE82C1A1F4457BA006F3FA7 /* MASViewConstraint.m */,
				3EE82C1B1F4457BA006F3FA7 /* NSArray+MASAdditions.h */,
				3EE82C1C1F4457BA006F3FA7 /* NSArray+MASAdditions.m */,
				3EE82C1D1F4457BA006F3FA7 /* NSArray+MASShorthandAdditions.h */,
				3EE82C1E1F4457BA006F3FA7 /* NSLayoutConstraint+MASDebugAdditions.h */,
				3EE82C1F1F4457BA006F3FA7 /* NSLayoutConstraint+MASDebugAdditions.m */,
				3EE82C201F4457BA006F3FA7 /* View+MASAdditions.h */,
				3EE82C211F4457BA006F3FA7 /* View+MASAdditions.m */,
				3EE82C221F4457BA006F3FA7 /* View+MASShorthandAdditions.h */,
				3EE82C231F4457BA006F3FA7 /* ViewController+MASAdditions.h */,
				3EE82C241F4457BA006F3FA7 /* ViewController+MASAdditions.m */,
			);
			name = Masonry;
			sourceTree = "<group>";
		};
		3EE82C081F445763006F3FA7 /* Resource */ = {
			isa = PBXGroup;
			children = (
				3EE82C0A1F44579B006F3FA7 /* register_guide_video.mp4 */,
			);
			name = Resource;
			sourceTree = "<group>";
		};
		3EE82C091F44576B006F3FA7 /* UIScrollView+SLResponse */ = {
			isa = PBXGroup;
			children = (
				3EE82C2F1F4458AD006F3FA7 /* UIScrollView+SLResponse.h */,
				3EE82C301F4458AD006F3FA7 /* UIScrollView+SLResponse.m */,
			);
			name = "UIScrollView+SLResponse";
			sourceTree = "<group>";
		};
/* End PBXGroup section */

/* Begin PBXNativeTarget section */
		3EE82BEC1F445736006F3FA7 /* SLLoginDemo */ = {
			isa = PBXNativeTarget;
			buildConfigurationList = 3EE82C041F445736006F3FA7 /* Build configuration list for PBXNativeTarget "SLLoginDemo" */;
			buildPhases = (
				3EE82BE91F445736006F3FA7 /* Sources */,
				3EE82BEA1F445736006F3FA7 /* Frameworks */,
				3EE82BEB1F445736006F3FA7 /* Resources */,
			);
			buildRules = (
			);
			dependencies = (
			);
			name = SLLoginDemo;
			productName = SLLoginDemo;
			productReference = 3EE82BED1F445736006F3FA7 /* SLLoginDemo.app */;
			productType = "com.apple.product-type.application";
		};
/* End PBXNativeTarget section */

/* Begin PBXProject section */
		3EE82BE51F445736006F3FA7 /* Project object */ = {
			isa = PBXProject;
			attributes = {
				LastUpgradeCheck = 0830;
				ORGANIZATIONNAME = "苏磊";
				TargetAttributes = {
					3EE82BEC1F445736006F3FA7 = {
						CreatedOnToolsVersion = 8.3.3;
						ProvisioningStyle = Automatic;
					};
				};
			};
			buildConfigurationList = 3EE82BE81F445736006F3FA7 /* Build configuration list for PBXProject "SLLoginDemo" */;
			compatibilityVersion = "Xcode 3.2";
			developmentRegion = English;
			hasScannedForEncodings = 0;
			knownRegions = (
				en,
				Base,
			);
			mainGroup = 3EE82BE41F445736006F3FA7;
			productRefGroup = 3EE82BEE1F445736006F3FA7 /* Products */;
			projectDirPath = "";
			projectRoot = "";
			targets = (
				3EE82BEC1F445736006F3FA7 /* SLLoginDemo */,
			);
		};
/* End PBXProject section */

/* Begin PBXResourcesBuildPhase section */
		3EE82BEB1F445736006F3FA7 /* Resources */ = {
			isa = PBXResourcesBuildPhase;
			buildActionMask = 2147483647;
			files = (
				3EE82C001F445736006F3FA7 /* LaunchScreen.storyboard in Resources */,
				3EE82BFD1F445736006F3FA7 /* Assets.xcassets in Resources */,
				3EE82BFB1F445736006F3FA7 /* Main.storyboard in Resources */,
				3EE82C0B1F44579B006F3FA7 /* register_guide_video.mp4 in Resources */,
			);
			runOnlyForDeploymentPostprocessing = 0;
		};
/* End PBXResourcesBuildPhase section */

/* Begin PBXSourcesBuildPhase section */
		3EE82BE91F445736006F3FA7 /* Sources */ = {
			isa = PBXSourcesBuildPhase;
			buildActionMask = 2147483647;
			files = (
				3EE82C2C1F4457BA006F3FA7 /* NSLayoutConstraint+MASDebugAdditions.m in Sources */,
				3EE82C2A1F4457BA006F3FA7 /* MASViewConstraint.m in Sources */,
				3EE82C251F4457BA006F3FA7 /* MASCompositeConstraint.m in Sources */,
				3EE82C2B1F4457BA006F3FA7 /* NSArray+MASAdditions.m in Sources */,
				3EE82BF81F445736006F3FA7 /* ViewController.m in Sources */,
				3EE82BF51F445736006F3FA7 /* AppDelegate.m in Sources */,
				3EE82C281F4457BA006F3FA7 /* MASLayoutConstraint.m in Sources */,
				3EE82C311F4458AD006F3FA7 /* UIScrollView+SLResponse.m in Sources */,
				3EE82BF21F445736006F3FA7 /* main.m in Sources */,
				3EE82C2E1F4457BA006F3FA7 /* ViewController+MASAdditions.m in Sources */,
				3EE82C2D1F4457BA006F3FA7 /* View+MASAdditions.m in Sources */,
				3EE82C291F4457BA006F3FA7 /* MASViewAttribute.m in Sources */,
				3EE82C261F4457BA006F3FA7 /* MASConstraint.m in Sources */,
				3EE82C271F4457BA006F3FA7 /* MASConstraintMaker.m in Sources */,
			);
			runOnlyForDeploymentPostprocessing = 0;
		};
/* End PBXSourcesBuildPhase section */

/* Begin PBXVariantGroup section */
		3EE82BF91F445736006F3FA7 /* Main.storyboard */ = {
			isa = PBXVariantGroup;
			children = (
				3EE82BFA1F445736006F3FA7 /* Base */,
			);
			name = Main.storyboard;
			sourceTree = "<group>";
		};
		3EE82BFE1F445736006F3FA7 /* LaunchScreen.storyboard */ = {
			isa = PBXVariantGroup;
			children = (
				3EE82BFF1F445736006F3FA7 /* Base */,
			);
			name = LaunchScreen.storyboard;
			sourceTree = "<group>";
		};
/* End PBXVariantGroup section */

/* Begin XCBuildConfiguration section */
		3EE82C021F445736006F3FA7 /* Debug */ = {
			isa = XCBuildConfiguration;
			buildSettings = {
				ALWAYS_SEARCH_USER_PATHS = NO;
				CLANG_ANALYZER_NONNULL = YES;
				CLANG_ANALYZER_NUMBER_OBJECT_CONVERSION = YES_AGGRESSIVE;
				CLANG_CXX_LANGUAGE_STANDARD = "gnu++0x";
				CLANG_CXX_LIBRARY = "libc++";
				CLANG_ENABLE_MODULES = YES;
				CLANG_ENABLE_OBJC_ARC = YES;
				CLANG_WARN_BOOL_CONVERSION = YES;
				CLANG_WARN_CONSTANT_CONVERSION = YES;
				CLANG_WARN_DIRECT_OBJC_ISA_USAGE = YES_ERROR;
				CLANG_WARN_DOCUMENTATION_COMMENTS = YES;
				CLANG_WARN_EMPTY_BODY = YES;
				CLANG_WARN_ENUM_CONVERSION = YES;
				CLANG_WARN_INFINITE_RECURSION = YES;
				CLANG_WARN_INT_CONVERSION = YES;
				CLANG_WARN_OBJC_ROOT_CLASS = YES_ERROR;
				CLANG_WARN_SUSPICIOUS_MOVE = YES;
				CLANG_WARN_UNREACHABLE_CODE = YES;
				CLANG_WARN__DUPLICATE_METHOD_MATCH = YES;
				"CODE_SIGN_IDENTITY[sdk=iphoneos*]" = "iPhone Developer";
				COPY_PHASE_STRIP = NO;
				DEBUG_INFORMATION_FORMAT = dwarf;
				ENABLE_STRICT_OBJC_MSGSEND = YES;
				ENABLE_TESTABILITY = YES;
				GCC_C_LANGUAGE_STANDARD = gnu99;
				GCC_DYNAMIC_NO_PIC = NO;
				GCC_NO_COMMON_BLOCKS = YES;
				GCC_OPTIMIZATION_LEVEL = 0;
				GCC_PREPROCESSOR_DEFINITIONS = (
					"DEBUG=1",
					"$(inherited)",
				);
				GCC_WARN_64_TO_32_BIT_CONVERSION = YES;
				GCC_WARN_ABOUT_RETURN_TYPE = YES_ERROR;
				GCC_WARN_UNDECLARED_SELECTOR = YES;
				GCC_WARN_UNINITIALIZED_AUTOS = YES_AGGRESSIVE;
				GCC_WARN_UNUSED_FUNCTION = YES;
				GCC_WARN_UNUSED_VARIABLE = YES;
				IPHONEOS_DEPLOYMENT_TARGET = 10.3;
				MTL_ENABLE_DEBUG_INFO = YES;
				ONLY_ACTIVE_ARCH = YES;
				SDKROOT = iphoneos;
			};
			name = Debug;
		};
		3EE82C031F445736006F3FA7 /* Release */ = {
			isa = XCBuildConfiguration;
			buildSettings = {
				ALWAYS_SEARCH_USER_PATHS = NO;
				CLANG_ANALYZER_NONNULL = YES;
				CLANG_ANALYZER_NUMBER_OBJECT_CONVERSION = YES_AGGRESSIVE;
				CLANG_CXX_LANGUAGE_STANDARD = "gnu++0x";
				CLANG_CXX_LIBRARY = "libc++";
				CLANG_ENABLE_MODULES = YES;
				CLANG_ENABLE_OBJC_ARC = YES;
				CLANG_WARN_BOOL_CONVERSION = YES;
				CLANG_WARN_CONSTANT_CONVERSION = YES;
				CLANG_WARN_DIRECT_OBJC_ISA_USAGE = YES_ERROR;
				CLANG_WARN_DOCUMENTATION_COMMENTS = YES;
				CLANG_WARN_EMPTY_BODY = YES;
				CLANG_WARN_ENUM_CONVERSION = YES;
				CLANG_WARN_INFINITE_RECURSION = YES;
				CLANG_WARN_INT_CONVERSION = YES;
				CLANG_WARN_OBJC_ROOT_CLASS = YES_ERROR;
				CLANG_WARN_SUSPICIOUS_MOVE = YES;
				CLANG_WARN_UNREACHABLE_CODE = YES;
				CLANG_WARN__DUPLICATE_METHOD_MATCH = YES;
				"CODE_SIGN_IDENTITY[sdk=iphoneos*]" = "iPhone Developer";
				COPY_PHASE_STRIP = NO;
				DEBUG_INFORMATION_FORMAT = "dwarf-with-dsym";
				ENABLE_NS_ASSERTIONS = NO;
				ENABLE_STRICT_OBJC_MSGSEND = YES;
				GCC_C_LANGUAGE_STANDARD = gnu99;
				GCC_NO_COMMON_BLOCKS = YES;
				GCC_WARN_64_TO_32_BIT_CONVERSION = YES;
				GCC_WARN_ABOUT_RETURN_TYPE = YES_ERROR;
				GCC_WARN_UNDECLARED_SELECTOR = YES;
				GCC_WARN_UNINITIALIZED_AUTOS = YES_AGGRESSIVE;
				GCC_WARN_UNUSED_FUNCTION = YES;
				GCC_WARN_UNUSED_VARIABLE = YES;
				IPHONEOS_DEPLOYMENT_TARGET = 10.3;
				MTL_ENABLE_DEBUG_INFO = NO;
				SDKROOT = iphoneos;
				VALIDATE_PRODUCT = YES;
			};
			name = Release;
		};
		3EE82C051F445736006F3FA7 /* Debug */ = {
			isa = XCBuildConfiguration;
			buildSettings = {
				ASSETCATALOG_COMPILER_APPICON_NAME = AppIcon;
				INFOPLIST_FILE = SLLoginDemo/Info.plist;
				LD_RUNPATH_SEARCH_PATHS = "$(inherited) @executable_path/Frameworks";
				PRODUCT_BUNDLE_IDENTIFIER = sulei.SLLoginDemo;
				PRODUCT_NAME = "$(TARGET_NAME)";
			};
			name = Debug;
		};
		3EE82C061F445736006F3FA7 /* Release */ = {
			isa = XCBuildConfiguration;
			buildSettings = {
				ASSETCATALOG_COMPILER_APPICON_NAME = AppIcon;
				INFOPLIST_FILE = SLLoginDemo/Info.plist;
				LD_RUNPATH_SEARCH_PATHS = "$(inherited) @executable_path/Frameworks";
				PRODUCT_BUNDLE_IDENTIFIER = sulei.SLLoginDemo;
				PRODUCT_NAME = "$(TARGET_NAME)";
			};
			name = Release;
		};
/* End XCBuildConfiguration section */

/* Begin XCConfigurationList section */
		3EE82BE81F445736006F3FA7 /* Build configuration list for PBXProject "SLLoginDemo" */ = {
			isa = XCConfigurationList;
			buildConfigurations = (
				3EE82C021F445736006F3FA7 /* Debug */,
				3EE82C031F445736006F3FA7 /* Release */,
			);
			defaultConfigurationIsVisible = 0;
			defaultConfigurationName = Release;
		};
		3EE82C041F445736006F3FA7 /* Build configuration list for PBXNativeTarget "SLLoginDemo" */ = {
			isa = XCConfigurationList;
			buildConfigurations = (
				3EE82C051F445736006F3FA7 /* Debug */,
				3EE82C061F445736006F3FA7 /* Release */,
			);
			defaultConfigurationIsVisible = 0;
		};
/* End XCConfigurationList section */
	};
	rootObject = 3EE82BE51F445736006F3FA7 /* Project object */;
}
